
Microsoft Visual Studio Solution File, Format Version 12.00
# Visual Studio Version 16
VisualStudioVersion = 16.0.29102.190
MinimumVisualStudioVersion = 10.0.40219.1
Project("{FAE04EC0-301F-11D3-BF4B-00C04F79EFBC}") = "ClientConsoleApp", "ClientConsoleApp\ClientConsoleApp.csproj", "{748FEFED-BD55-4998-8821-26431E7C70A0}"
EndProject
Global
	GlobalSection(SolutionConfigurationPlatforms) = preSolution
		Debug|Any CPU = Debug|Any CPU
		Release|Any CPU = Release|Any CPU
	EndGlobalSection
	GlobalSection(ProjectConfigurationPlatforms) = postSolution
		{748FEFED-BD55-4998-8821-26431E7C70A0}.Debug|Any CPU.ActiveCfg = Debug|Any CPU
		{748FEFED-BD55-4998-8821-26431E7C70A0}.Debug|Any CPU.Build.0 = Debug|Any CPU
		{748FEFED-BD55-4998-8821-26431E7C70A0}.Release|Any CPU.ActiveCfg = Release|Any CPU
		{748FEFED-BD55-4998-8821-26431E7C70A0}.Release|Any CPU.Build.0 = Release|Any CPU
	EndGlobalSection
	GlobalSection(SolutionProperties) = preSolution
		HideSolutionNode = FALSE
	EndGlobalSection
	GlobalSection(ExtensibilityGlobals) = postSolution
		SolutionGuid = {CB1B55A5-61FC-4DE8-A21A-5F2150825DF2}
	EndGlobalSection
EndGlobal
